// !$*UTF8*$!
{
	archiveVersion = 1;
	classes = {
	};
	objectVersion = 50;
	objects = {

/* Begin PBXBuildFile section */
		BA68C7BC24AB0AAE0092D201 /* TheSplitViewController.swift in Sources */ = {isa = PBXBuildFile; fileRef = BA68C7BB24AB0AAE0092D201 /* TheSplitViewController.swift */; };
		BA68C7BE24AB13B10092D201 /* Episode.swift in Sources */ = {isa = PBXBuildFile; fileRef = BA68C7BD24AB13B10092D201 /* Episode.swift */; };
		BA7A83BA24A8E12A00EB3F15 /* AppDelegate.swift in Sources */ = {isa = PBXBuildFile; fileRef = BA7A83B924A8E12A00EB3F15 /* AppDelegate.swift */; };
		BA7A83BF24A8E12A00EB3F15 /* iCast.xcdatamodeld in Sources */ = {isa = PBXBuildFile; fileRef = BA7A83BD24A8E12A00EB3F15 /* iCast.xcdatamodeld */; };
		BA7A83C124A8E12C00EB3F15 /* Assets.xcassets in Resources */ = {isa = PBXBuildFile; fileRef = BA7A83C024A8E12C00EB3F15 /* Assets.xcassets */; };
		BA7A83C424A8E12C00EB3F15 /* Main.storyboard in Resources */ = {isa = PBXBuildFile; fileRef = BA7A83C224A8E12C00EB3F15 /* Main.storyboard */; };
		BAB25B7624AB5488002CFA57 /* EpisodeCellViewController.swift in Sources */ = {isa = PBXBuildFile; fileRef = BAB25B7524AB5488002CFA57 /* EpisodeCellViewController.swift */; };
		BAC8820C24A9EDD700E970B9 /* PodcastsViewController.swift in Sources */ = {isa = PBXBuildFile; fileRef = BAC8820B24A9EDD700E970B9 /* PodcastsViewController.swift */; };
		BAC8820E24AA5D8300E970B9 /* Parser.swift in Sources */ = {isa = PBXBuildFile; fileRef = BAC8820D24AA5D8300E970B9 /* Parser.swift */; };
		BAC8821224AA666D00E970B9 /* XMLIndexer+XMLIndexerDeserializable.swift in Sources */ = {isa = PBXBuildFile; fileRef = BAC8821024AA666D00E970B9 /* XMLIndexer+XMLIndexerDeserializable.swift */; };
		BAC8821324AA666D00E970B9 /* SWXMLHash.swift in Sources */ = {isa = PBXBuildFile; fileRef = BAC8821124AA666D00E970B9 /* SWXMLHash.swift */; };
		BAEA74C924AB0583000840A0 /* EpisodesViewController.swift in Sources */ = {isa = PBXBuildFile; fileRef = BAEA74C824AB0583000840A0 /* EpisodesViewController.swift */; };
/* End PBXBuildFile section */

/* Begin PBXFileReference section */
		BA68C7BB24AB0AAE0092D201 /* TheSplitViewController.swift */ = {isa = PBXFileReference; lastKnownFileType = sourcecode.swift; path = TheSplitViewController.swift; sourceTree = "<group>"; };
		BA68C7BD24AB13B10092D201 /* Episode.swift */ = {isa = PBXFileReference; lastKnownFileType = sourcecode.swift; path = Episode.swift; sourceTree = "<group>"; };
		BA7A83B624A8E12A00EB3F15 /* iCast.app */ = {isa = PBXFileReference; explicitFileType = wrapper.application; includeInIndex = 0; path = iCast.app; sourceTree = BUILT_PRODUCTS_DIR; };
		BA7A83B924A8E12A00EB3F15 /* AppDelegate.swift */ = {isa = PBXFileReference; lastKnownFileType = sourcecode.swift; path = AppDelegate.swift; sourceTree = "<group>"; };
		BA7A83BE24A8E12A00EB3F15 /* iCast.xcdatamodel */ = {isa = PBXFileReference; lastKnownFileType = wrapper.xcdatamodel; path = iCast.xcdatamodel; sourceTree = "<group>"; };
		BA7A83C024A8E12C00EB3F15 /* Assets.xcassets */ = {isa = PBXFileReference; lastKnownFileType = folder.assetcatalog; path = Assets.xcassets; sourceTree = "<group>"; };
		BA7A83C324A8E12C00EB3F15 /* Base */ = {isa = PBXFileReference; lastKnownFileType = file.storyboard; name = Base; path = Base.lproj/Main.storyboard; sourceTree = "<group>"; };
		BA7A83C524A8E12C00EB3F15 /* Info.plist */ = {isa = PBXFileReference; lastKnownFileType = text.plist.xml; path = Info.plist; sourceTree = "<group>"; };
		BA7A83C624A8E12C00EB3F15 /* iCast.entitlements */ = {isa = PBXFileReference; lastKnownFileType = text.plist.entitlements; path = iCast.entitlements; sourceTree = "<group>"; };
		BAB25B7524AB5488002CFA57 /* EpisodeCellViewController.swift */ = {isa = PBXFileReference; lastKnownFileType = sourcecode.swift; path = EpisodeCellViewController.swift; sourceTree = "<group>"; };
		BAC8820B24A9EDD700E970B9 /* PodcastsViewController.swift */ = {isa = PBXFileReference; lastKnownFileType = sourcecode.swift; path = PodcastsViewController.swift; sourceTree = "<group>"; };
		BAC8820D24AA5D8300E970B9 /* Parser.swift */ = {isa = PBXFileReference; lastKnownFileType = sourcecode.swift; path = Parser.swift; sourceTree = "<group>"; };
		BAC8821024AA666D00E970B9 /* XMLIndexer+XMLIndexerDeserializable.swift */ = {isa = PBXFileReference; fileEncoding = 4; lastKnownFileType = sourcecode.swift; path = "XMLIndexer+XMLIndexerDeserializable.swift"; sourceTree = "<group>"; };
		BAC8821124AA666D00E970B9 /* SWXMLHash.swift */ = {isa = PBXFileReference; fileEncoding = 4; lastKnownFileType = sourcecode.swift; path = SWXMLHash.swift; sourceTree = "<group>"; };
		BAEA74C824AB0583000840A0 /* EpisodesViewController.swift */ = {isa = PBXFileReference; lastKnownFileType = sourcecode.swift; path = EpisodesViewController.swift; sourceTree = "<group>"; };
/* End PBXFileReference section */

/* Begin PBXFrameworksBuildPhase section */
		BA7A83B324A8E12A00EB3F15 /* Frameworks */ = {
			isa = PBXFrameworksBuildPhase;
			buildActionMask = 2147483647;
			files = (
			);
			runOnlyForDeploymentPostprocessing = 0;
		};
/* End PBXFrameworksBuildPhase section */

/* Begin PBXGroup section */
		BA7A83AD24A8E12A00EB3F15 = {
			isa = PBXGroup;
			children = (
				BA7A83B824A8E12A00EB3F15 /* iCast */,
				BA7A83B724A8E12A00EB3F15 /* Products */,
			);
			sourceTree = "<group>";
		};
		BA7A83B724A8E12A00EB3F15 /* Products */ = {
			isa = PBXGroup;
			children = (
				BA7A83B624A8E12A00EB3F15 /* iCast.app */,
			);
			name = Products;
			sourceTree = "<group>";
		};
		BA7A83B824A8E12A00EB3F15 /* iCast */ = {
			isa = PBXGroup;
			children = (
				BAC8820F24AA664400E970B9 /* SWXMLHash */,
				BA7A83B924A8E12A00EB3F15 /* AppDelegate.swift */,
				BAC8820B24A9EDD700E970B9 /* PodcastsViewController.swift */,
				BAEA74C824AB0583000840A0 /* EpisodesViewController.swift */,
				BA68C7BB24AB0AAE0092D201 /* TheSplitViewController.swift */,
				BAB25B7524AB5488002CFA57 /* EpisodeCellViewController.swift */,
				BA68C7BD24AB13B10092D201 /* Episode.swift */,
				BAC8820D24AA5D8300E970B9 /* Parser.swift */,
				BA7A83C024A8E12C00EB3F15 /* Assets.xcassets */,
				BA7A83C224A8E12C00EB3F15 /* Main.storyboard */,
				BA7A83C524A8E12C00EB3F15 /* Info.plist */,
				BA7A83C624A8E12C00EB3F15 /* iCast.entitlements */,
				BA7A83BD24A8E12A00EB3F15 /* iCast.xcdatamodeld */,
			);
			path = iCast;
			sourceTree = "<group>";
		};
		BAC8820F24AA664400E970B9 /* SWXMLHash */ = {
			isa = PBXGroup;
			children = (
				BAC8821124AA666D00E970B9 /* SWXMLHash.swift */,
				BAC8821024AA666D00E970B9 /* XMLIndexer+XMLIndexerDeserializable.swift */,
			);
			path = SWXMLHash;
			sourceTree = "<group>";
		};
/* End PBXGroup section */

/* Begin PBXNativeTarget section */
		BA7A83B524A8E12A00EB3F15 /* iCast */ = {
			isa = PBXNativeTarget;
			buildConfigurationList = BA7A83C924A8E12C00EB3F15 /* Build configuration list for PBXNativeTarget "iCast" */;
			buildPhases = (
				BA7A83B224A8E12A00EB3F15 /* Sources */,
				BA7A83B324A8E12A00EB3F15 /* Frameworks */,
				BA7A83B424A8E12A00EB3F15 /* Resources */,
			);
			buildRules = (
			);
			dependencies = (
			);
			name = iCast;
			productName = iCast;
			productReference = BA7A83B624A8E12A00EB3F15 /* iCast.app */;
			productType = "com.apple.product-type.application";
		};
/* End PBXNativeTarget section */

/* Begin PBXProject section */
		BA7A83AE24A8E12A00EB3F15 /* Project object */ = {
			isa = PBXProject;
			attributes = {
				LastSwiftUpdateCheck = 1200;
				LastUpgradeCheck = 1200;
				TargetAttributes = {
					BA7A83B524A8E12A00EB3F15 = {
						CreatedOnToolsVersion = 12.0;
					};
				};
			};
			buildConfigurationList = BA7A83B124A8E12A00EB3F15 /* Build configuration list for PBXProject "iCast" */;
			compatibilityVersion = "Xcode 9.3";
			developmentRegion = en;
			hasScannedForEncodings = 0;
			knownRegions = (
				en,
				Base,
			);
			mainGroup = BA7A83AD24A8E12A00EB3F15;
			productRefGroup = BA7A83B724A8E12A00EB3F15 /* Products */;
			projectDirPath = "";
			projectRoot = "";
			targets = (
				BA7A83B524A8E12A00EB3F15 /* iCast */,
			);
		};
/* End PBXProject section */

/* Begin PBXResourcesBuildPhase section */
		BA7A83B424A8E12A00EB3F15 /* Resources */ = {
			isa = PBXResourcesBuildPhase;
			buildActionMask = 2147483647;
			files = (
				BA7A83C124A8E12C00EB3F15 /* Assets.xcassets in Resources */,
				BA7A83C424A8E12C00EB3F15 /* Main.storyboard in Resources */,
			);
			runOnlyForDeploymentPostprocessing = 0;
		};
/* End PBXResourcesBuildPhase section */

/* Begin PBXSourcesBuildPhase section */
		BA7A83B224A8E12A00EB3F15 /* Sources */ = {
			isa = PBXSourcesBuildPhase;
			buildActionMask = 2147483647;
			files = (
				BAC8820E24AA5D8300E970B9 /* Parser.swift in Sources */,
				BAC8821324AA666D00E970B9 /* SWXMLHash.swift in Sources */,
				BAEA74C924AB0583000840A0 /* EpisodesViewController.swift in Sources */,
				BA68C7BC24AB0AAE0092D201 /* TheSplitViewController.swift in Sources */,
				BA7A83BF24A8E12A00EB3F15 /* iCast.xcdatamodeld in Sources */,
				BAC8820C24A9EDD700E970B9 /* PodcastsViewController.swift in Sources */,
				BAC8821224AA666D00E970B9 /* XMLIndexer+XMLIndexerDeserializable.swift in Sources */,
				BA68C7BE24AB13B10092D201 /* Episode.swift in Sources */,
				BAB25B7624AB5488002CFA57 /* EpisodeCellViewController.swift in Sources */,
				BA7A83BA24A8E12A00EB3F15 /* AppDelegate.swift in Sources */,
			);
			runOnlyForDeploymentPostprocessing = 0;
		};
/* End PBXSourcesBuildPhase section */

/* Begin PBXVariantGroup section */
		BA7A83C224A8E12C00EB3F15 /* Main.storyboard */ = {
			isa = PBXVariantGroup;
			children = (
				BA7A83C324A8E12C00EB3F15 /* Base */,
			);
			name = Main.storyboard;
			sourceTree = "<group>";
		};
/* End PBXVariantGroup section */

/* Begin XCBuildConfiguration section */
		BA7A83C724A8E12C00EB3F15 /* Debug */ = {
			isa = XCBuildConfiguration;
			buildSettings = {
				ALWAYS_SEARCH_USER_PATHS = NO;
				CLANG_ANALYZER_NONNULL = YES;
				CLANG_ANALYZER_NUMBER_OBJECT_CONVERSION = YES_AGGRESSIVE;
				CLANG_CXX_LANGUAGE_STANDARD = "gnu++14";
				CLANG_CXX_LIBRARY = "libc++";
				CLANG_ENABLE_MODULES = YES;
				CLANG_ENABLE_OBJC_ARC = YES;
				CLANG_ENABLE_OBJC_WEAK = YES;
				CLANG_WARN_BLOCK_CAPTURE_AUTORELEASING = YES;
				CLANG_WARN_BOOL_CONVERSION = YES;
				CLANG_WARN_COMMA = YES;
				CLANG_WARN_CONSTANT_CONVERSION = YES;
				CLANG_WARN_DEPRECATED_OBJC_IMPLEMENTATIONS = YES;
				CLANG_WARN_DIRECT_OBJC_ISA_USAGE = YES_ERROR;
				CLANG_WARN_DOCUMENTATION_COMMENTS = YES;
				CLANG_WARN_EMPTY_BODY = YES;
				CLANG_WARN_ENUM_CONVERSION = YES;
				CLANG_WARN_INFINITE_RECURSION = YES;
				CLANG_WARN_INT_CONVERSION = YES;
				CLANG_WARN_NON_LITERAL_NULL_CONVERSION = YES;
				CLANG_WARN_OBJC_IMPLICIT_RETAIN_SELF = YES;
				CLANG_WARN_OBJC_LITERAL_CONVERSION = YES;
				CLANG_WARN_OBJC_ROOT_CLASS = YES_ERROR;
				CLANG_WARN_QUOTED_INCLUDE_IN_FRAMEWORK_HEADER = YES;
				CLANG_WARN_RANGE_LOOP_ANALYSIS = YES;
				CLANG_WARN_STRICT_PROTOTYPES = YES;
				CLANG_WARN_SUSPICIOUS_MOVE = YES;
				CLANG_WARN_UNGUARDED_AVAILABILITY = YES_AGGRESSIVE;
				CLANG_WARN_UNREACHABLE_CODE = YES;
				CLANG_WARN__DUPLICATE_METHOD_MATCH = YES;
				COPY_PHASE_STRIP = NO;
				DEBUG_INFORMATION_FORMAT = dwarf;
				ENABLE_STRICT_OBJC_MSGSEND = YES;
				ENABLE_TESTABILITY = YES;
				GCC_C_LANGUAGE_STANDARD = gnu11;
				GCC_DYNAMIC_NO_PIC = NO;
				GCC_NO_COMMON_BLOCKS = YES;
				GCC_OPTIMIZATION_LEVEL = 0;
				GCC_PREPROCESSOR_DEFINITIONS = (
					"DEBUG=1",
					"$(inherited)",
				);
				GCC_WARN_64_TO_32_BIT_CONVERSION = YES;
				GCC_WARN_ABOUT_RETURN_TYPE = YES_ERROR;
				GCC_WARN_UNDECLARED_SELECTOR = YES;
				GCC_WARN_UNINITIALIZED_AUTOS = YES_AGGRESSIVE;
				GCC_WARN_UNUSED_FUNCTION = YES;
				GCC_WARN_UNUSED_VARIABLE = YES;
				MACOSX_DEPLOYMENT_TARGET = 10.15;
				MTL_ENABLE_DEBUG_INFO = INCLUDE_SOURCE;
				MTL_FAST_MATH = YES;
				ONLY_ACTIVE_ARCH = YES;
				SDKROOT = macosx;
				SWIFT_ACTIVE_COMPILATION_CONDITIONS = DEBUG;
				SWIFT_OPTIMIZATION_LEVEL = "-Onone";
			};
			name = Debug;
		};
		BA7A83C824A8E12C00EB3F15 /* Release */ = {
			isa = XCBuildConfiguration;
			buildSettings = {
				ALWAYS_SEARCH_USER_PATHS = NO;
				CLANG_ANALYZER_NONNULL = YES;
				CLANG_ANALYZER_NUMBER_OBJECT_CONVERSION = YES_AGGRESSIVE;
				CLANG_CXX_LANGUAGE_STANDARD = "gnu++14";
				CLANG_CXX_LIBRARY = "libc++";
				CLANG_ENABLE_MODULES = YES;
				CLANG_ENABLE_OBJC_ARC = YES;
				CLANG_ENABLE_OBJC_WEAK = YES;
				CLANG_WARN_BLOCK_CAPTURE_AUTORELEASING = YES;
				CLANG_WARN_BOOL_CONVERSION = YES;
				CLANG_WARN_COMMA = YES;
				CLANG_WARN_CONSTANT_CONVERSION = YES;
				CLANG_WARN_DEPRECATED_OBJC_IMPLEMENTATIONS = YES;
				CLANG_WARN_DIRECT_OBJC_ISA_USAGE = YES_ERROR;
				CLANG_WARN_DOCUMENTATION_COMMENTS = YES;
				CLANG_WARN_EMPTY_BODY = YES;
				CLANG_WARN_ENUM_CONVERSION = YES;
				CLANG_WARN_INFINITE_RECURSION = YES;
				CLANG_WARN_INT_CONVERSION = YES;
				CLANG_WARN_NON_LITERAL_NULL_CONVERSION = YES;
				CLANG_WARN_OBJC_IMPLICIT_RETAIN_SELF = YES;
				CLANG_WARN_OBJC_LITERAL_CONVERSION = YES;
				CLANG_WARN_OBJC_ROOT_CLASS = YES_ERROR;
				CLANG_WARN_QUOTED_INCLUDE_IN_FRAMEWORK_HEADER = YES;
				CLANG_WARN_RANGE_LOOP_ANALYSIS = YES;
				CLANG_WARN_STRICT_PROTOTYPES = YES;
				CLANG_WARN_SUSPICIOUS_MOVE = YES;
				CLANG_WARN_UNGUARDED_AVAILABILITY = YES_AGGRESSIVE;
				CLANG_WARN_UNREACHABLE_CODE = YES;
				CLANG_WARN__DUPLICATE_METHOD_MATCH = YES;
				COPY_PHASE_STRIP = NO;
				DEBUG_INFORMATION_FORMAT = "dwarf-with-dsym";
				ENABLE_NS_ASSERTIONS = NO;
				ENABLE_STRICT_OBJC_MSGSEND = YES;
				GCC_C_LANGUAGE_STANDARD = gnu11;
				GCC_NO_COMMON_BLOCKS = YES;
				GCC_WARN_64_TO_32_BIT_CONVERSION = YES;
				GCC_WARN_ABOUT_RETURN_TYPE = YES_ERROR;
				GCC_WARN_UNDECLARED_SELECTOR = YES;
				GCC_WARN_UNINITIALIZED_AUTOS = YES_AGGRESSIVE;
				GCC_WARN_UNUSED_FUNCTION = YES;
				GCC_WARN_UNUSED_VARIABLE = YES;
				MACOSX_DEPLOYMENT_TARGET = 10.15;
				MTL_ENABLE_DEBUG_INFO = NO;
				MTL_FAST_MATH = YES;
				SDKROOT = macosx;
				SWIFT_COMPILATION_MODE = wholemodule;
				SWIFT_OPTIMIZATION_LEVEL = "-O";
			};
			name = Release;
		};
		BA7A83CA24A8E12C00EB3F15 /* Debug */ = {
			isa = XCBuildConfiguration;
			buildSettings = {
				ASSETCATALOG_COMPILER_APPICON_NAME = AppIcon;
				ASSETCATALOG_COMPILER_GLOBAL_ACCENT_COLOR_NAME = AccentColor;
				CODE_SIGN_ENTITLEMENTS = iCast/iCast.entitlements;
				CODE_SIGN_STYLE = Automatic;
				COMBINE_HIDPI_IMAGES = YES;
				DEVELOPMENT_TEAM = ALA6QST4TU;
				ENABLE_HARDENED_RUNTIME = YES;
				INFOPLIST_FILE = iCast/Info.plist;
				LD_RUNPATH_SEARCH_PATHS = (
					"$(inherited)",
					"@executable_path/../Frameworks",
				);
				PRODUCT_BUNDLE_IDENTIFIER = com.akshay.iCast;
				PRODUCT_NAME = "$(TARGET_NAME)";
				SWIFT_VERSION = 5.0;
			};
			name = Debug;
		};
		BA7A83CB24A8E12C00EB3F15 /* Release */ = {
			isa = XCBuildConfiguration;
			buildSettings = {
				ASSETCATALOG_COMPILER_APPICON_NAME = AppIcon;
				ASSETCATALOG_COMPILER_GLOBAL_ACCENT_COLOR_NAME = AccentColor;
				CODE_SIGN_ENTITLEMENTS = iCast/iCast.entitlements;
				CODE_SIGN_STYLE = Automatic;
				COMBINE_HIDPI_IMAGES = YES;
				DEVELOPMENT_TEAM = ALA6QST4TU;
				ENABLE_HARDENED_RUNTIME = YES;
				INFOPLIST_FILE = iCast/Info.plist;
				LD_RUNPATH_SEARCH_PATHS = (
					"$(inherited)",
					"@executable_path/../Frameworks",
				);
				PRODUCT_BUNDLE_IDENTIFIER = com.akshay.iCast;
				PRODUCT_NAME = "$(TARGET_NAME)";
				SWIFT_VERSION = 5.0;
			};
			name = Release;
		};
/* End XCBuildConfiguration section */

/* Begin XCConfigurationList section */
		BA7A83B124A8E12A00EB3F15 /* Build configuration list for PBXProject "iCast" */ = {
			isa = XCConfigurationList;
			buildConfigurations = (
				BA7A83C724A8E12C00EB3F15 /* Debug */,
				BA7A83C824A8E12C00EB3F15 /* Release */,
			);
			defaultConfigurationIsVisible = 0;
			defaultConfigurationName = Release;
		};
		BA7A83C924A8E12C00EB3F15 /* Build configuration list for PBXNativeTarget "iCast" */ = {
			isa = XCConfigurationList;
			buildConfigurations = (
				BA7A83CA24A8E12C00EB3F15 /* Debug */,
				BA7A83CB24A8E12C00EB3F15 /* Release */,
			);
			defaultConfigurationIsVisible = 0;
			defaultConfigurationName = Release;
		};
/* End XCConfigurationList section */

/* Begin XCVersionGroup section */
		BA7A83BD24A8E12A00EB3F15 /* iCast.xcdatamodeld */ = {
			isa = XCVersionGroup;
			children = (
				BA7A83BE24A8E12A00EB3F15 /* iCast.xcdatamodel */,
			);
			currentVersion = BA7A83BE24A8E12A00EB3F15 /* iCast.xcdatamodel */;
			path = iCast.xcdatamodeld;
			sourceTree = "<group>";
			versionGroupType = wrapper.xcdatamodel;
		};
/* End XCVersionGroup section */
	};
	rootObject = BA7A83AE24A8E12A00EB3F15 /* Project object */;
}
